
Microsoft Visual Studio Solution File, Format Version 12.00
# Visual Studio Version 17
VisualStudioVersion = 17.0.31903.59
MinimumVisualStudioVersion = 10.0.40219.1
Project("{2150E333-8FDC-42A3-9474-1A3956D46DE8}") = "backend", "backend", "{1AE8ACA6-933B-BF2A-3671-3E2EAC007D16}"
EndProject
Project("{2150E333-8FDC-42A3-9474-1A3956D46DE8}") = "src", "src", "{0F9113EE-888A-26D2-68B0-4A7D0A2A8745}"
EndProject
Project("{FAE04EC0-301F-11D3-BF4B-00C04F79EFBC}") = "SuitForU.Domain", "backend\src\SuitForU.Domain\SuitForU.Domain.csproj", "{4C2341D6-B3EA-4592-AA30-67625D5D7974}"
EndProject
Project("{FAE04EC0-301F-11D3-BF4B-00C04F79EFBC}") = "SuitForU.Application", "backend\src\SuitForU.Application\SuitForU.Application.csproj", "{E8FB8C97-1961-4C3D-B4D3-F3504325A24C}"
EndProject
Project("{FAE04EC0-301F-11D3-BF4B-00C04F79EFBC}") = "SuitForU.Infrastructure", "backend\src\SuitForU.Infrastructure\SuitForU.Infrastructure.csproj", "{C3AE33AA-F4E9-44BF-99C8-178C8DBBBA83}"
EndProject
Project("{FAE04EC0-301F-11D3-BF4B-00C04F79EFBC}") = "SuitForU.API", "backend\src\SuitForU.API\SuitForU.API.csproj", "{3991BC86-48DE-4155-A357-1E9D913D1F13}"
EndProject
Project("{FAE04EC0-301F-11D3-BF4B-00C04F79EFBC}") = "SuitForU.Application.Tests", "backend\tests\SuitForU.Application.Tests\SuitForU.Application.Tests.csproj", "{010BD15F-98F8-4BE8-84F9-F0FA4CC42D7A}"
EndProject
Project("{FAE04EC0-301F-11D3-BF4B-00C04F79EFBC}") = "SuitForU.Infrastructure.Tests", "backend\tests\SuitForU.Infrastructure.Tests\SuitForU.Infrastructure.Tests.csproj", "{9B7D8CAD-E405-49BD-BBA8-12389B1E5B79}"
EndProject
Project("{FAE04EC0-301F-11D3-BF4B-00C04F79EFBC}") = "SuitForU.API.Tests", "backend\tests\SuitForU.API.Tests\SuitForU.API.Tests.csproj", "{441F6A53-EE51-4666-868E-35B9B95AE58D}"
EndProject
Global
	GlobalSection(SolutionConfigurationPlatforms) = preSolution
		Debug|Any CPU = Debug|Any CPU
		Debug|x64 = Debug|x64
		Debug|x86 = Debug|x86
		Release|Any CPU = Release|Any CPU
		Release|x64 = Release|x64
		Release|x86 = Release|x86
	EndGlobalSection
	GlobalSection(ProjectConfigurationPlatforms) = postSolution
		{4C2341D6-B3EA-4592-AA30-67625D5D7974}.Debug|Any CPU.ActiveCfg = Debug|Any CPU
		{4C2341D6-B3EA-4592-AA30-67625D5D7974}.Debug|Any CPU.Build.0 = Debug|Any CPU
		{4C2341D6-B3EA-4592-AA30-67625D5D7974}.Debug|x64.ActiveCfg = Debug|Any CPU
		{4C2341D6-B3EA-4592-AA30-67625D5D7974}.Debug|x64.Build.0 = Debug|Any CPU
		{4C2341D6-B3EA-4592-AA30-67625D5D7974}.Debug|x86.ActiveCfg = Debug|Any CPU
		{4C2341D6-B3EA-4592-AA30-67625D5D7974}.Debug|x86.Build.0 = Debug|Any CPU
		{4C2341D6-B3EA-4592-AA30-67625D5D7974}.Release|Any CPU.ActiveCfg = Release|Any CPU
		{4C2341D6-B3EA-4592-AA30-67625D5D7974}.Release|Any CPU.Build.0 = Release|Any CPU
		{4C2341D6-B3EA-4592-AA30-67625D5D7974}.Release|x64.ActiveCfg = Release|Any CPU
		{4C2341D6-B3EA-4592-AA30-67625D5D7974}.Release|x64.Build.0 = Release|Any CPU
		{4C2341D6-B3EA-4592-AA30-67625D5D7974}.Release|x86.ActiveCfg = Release|Any CPU
		{4C2341D6-B3EA-4592-AA30-67625D5D7974}.Release|x86.Build.0 = Release|Any CPU
		{E8FB8C97-1961-4C3D-B4D3-F3504325A24C}.Debug|Any CPU.ActiveCfg = Debug|Any CPU
		{E8FB8C97-1961-4C3D-B4D3-F3504325A24C}.Debug|Any CPU.Build.0 = Debug|Any CPU
		{E8FB8C97-1961-4C3D-B4D3-F3504325A24C}.Debug|x64.ActiveCfg = Debug|Any CPU
		{E8FB8C97-1961-4C3D-B4D3-F3504325A24C}.Debug|x64.Build.0 = Debug|Any CPU
		{E8FB8C97-1961-4C3D-B4D3-F3504325A24C}.Debug|x86.ActiveCfg = Debug|Any CPU
		{E8FB8C97-1961-4C3D-B4D3-F3504325A24C}.Debug|x86.Build.0 = Debug|Any CPU
		{E8FB8C97-1961-4C3D-B4D3-F3504325A24C}.Release|Any CPU.ActiveCfg = Release|Any CPU
		{E8FB8C97-1961-4C3D-B4D3-F3504325A24C}.Release|Any CPU.Build.0 = Release|Any CPU
		{E8FB8C97-1961-4C3D-B4D3-F3504325A24C}.Release|x64.ActiveCfg = Release|Any CPU
		{E8FB8C97-1961-4C3D-B4D3-F3504325A24C}.Release|x64.Build.0 = Release|Any CPU
		{E8FB8C97-1961-4C3D-B4D3-F3504325A24C}.Release|x86.ActiveCfg = Release|Any CPU
		{E8FB8C97-1961-4C3D-B4D3-F3504325A24C}.Release|x86.Build.0 = Release|Any CPU
		{C3AE33AA-F4E9-44BF-99C8-178C8DBBBA83}.Debug|Any CPU.ActiveCfg = Debug|Any CPU
		{C3AE33AA-F4E9-44BF-99C8-178C8DBBBA83}.Debug|Any CPU.Build.0 = Debug|Any CPU
		{C3AE33AA-F4E9-44BF-99C8-178C8DBBBA83}.Debug|x64.ActiveCfg = Debug|Any CPU
		{C3AE33AA-F4E9-44BF-99C8-178C8DBBBA83}.Debug|x64.Build.0 = Debug|Any CPU
		{C3AE33AA-F4E9-44BF-99C8-178C8DBBBA83}.Debug|x86.ActiveCfg = Debug|Any CPU
		{C3AE33AA-F4E9-44BF-99C8-178C8DBBBA83}.Debug|x86.Build.0 = Debug|Any CPU
		{C3AE33AA-F4E9-44BF-99C8-178C8DBBBA83}.Release|Any CPU.ActiveCfg = Release|Any CPU
		{C3AE33AA-F4E9-44BF-99C8-178C8DBBBA83}.Release|Any CPU.Build.0 = Release|Any CPU
		{C3AE33AA-F4E9-44BF-99C8-178C8DBBBA83}.Release|x64.ActiveCfg = Release|Any CPU
		{C3AE33AA-F4E9-44BF-99C8-178C8DBBBA83}.Release|x64.Build.0 = Release|Any CPU
		{C3AE33AA-F4E9-44BF-99C8-178C8DBBBA83}.Release|x86.ActiveCfg = Release|Any CPU
		{C3AE33AA-F4E9-44BF-99C8-178C8DBBBA83}.Release|x86.Build.0 = Release|Any CPU
		{3991BC86-48DE-4155-A357-1E9D913D1F13}.Debug|Any CPU.ActiveCfg = Debug|Any CPU
		{3991BC86-48DE-4155-A357-1E9D913D1F13}.Debug|Any CPU.Build.0 = Debug|Any CPU
		{3991BC86-48DE-4155-A357-1E9D913D1F13}.Debug|x64.ActiveCfg = Debug|Any CPU
		{3991BC86-48DE-4155-A357-1E9D913D1F13}.Debug|x64.Build.0 = Debug|Any CPU
		{3991BC86-48DE-4155-A357-1E9D913D1F13}.Debug|x86.ActiveCfg = Debug|Any CPU
		{3991BC86-48DE-4155-A357-1E9D913D1F13}.Debug|x86.Build.0 = Debug|Any CPU
		{3991BC86-48DE-4155-A357-1E9D913D1F13}.Release|Any CPU.ActiveCfg = Release|Any CPU
		{3991BC86-48DE-4155-A357-1E9D913D1F13}.Release|Any CPU.Build.0 = Release|Any CPU
		{3991BC86-48DE-4155-A357-1E9D913D1F13}.Release|x64.ActiveCfg = Release|Any CPU
		{3991BC86-48DE-4155-A357-1E9D913D1F13}.Release|x64.Build.0 = Release|Any CPU
		{3991BC86-48DE-4155-A357-1E9D913D1F13}.Release|x86.ActiveCfg = Release|Any CPU
		{3991BC86-48DE-4155-A357-1E9D913D1F13}.Release|x86.Build.0 = Release|Any CPU
		{010BD15F-98F8-4BE8-84F9-F0FA4CC42D7A}.Debug|Any CPU.ActiveCfg = Debug|Any CPU
		{010BD15F-98F8-4BE8-84F9-F0FA4CC42D7A}.Debug|Any CPU.Build.0 = Debug|Any CPU
		{010BD15F-98F8-4BE8-84F9-F0FA4CC42D7A}.Debug|x64.ActiveCfg = Debug|Any CPU
		{010BD15F-98F8-4BE8-84F9-F0FA4CC42D7A}.Debug|x64.Build.0 = Debug|Any CPU
		{010BD15F-98F8-4BE8-84F9-F0FA4CC42D7A}.Debug|x86.ActiveCfg = Debug|Any CPU
		{010BD15F-98F8-4BE8-84F9-F0FA4CC42D7A}.Debug|x86.Build.0 = Debug|Any CPU
		{010BD15F-98F8-4BE8-84F9-F0FA4CC42D7A}.Release|Any CPU.ActiveCfg = Release|Any CPU
		{010BD15F-98F8-4BE8-84F9-F0FA4CC42D7A}.Release|Any CPU.Build.0 = Release|Any CPU
		{010BD15F-98F8-4BE8-84F9-F0FA4CC42D7A}.Release|x64.ActiveCfg = Release|Any CPU
		{010BD15F-98F8-4BE8-84F9-F0FA4CC42D7A}.Release|x64.Build.0 = Release|Any CPU
		{010BD15F-98F8-4BE8-84F9-F0FA4CC42D7A}.Release|x86.ActiveCfg = Release|Any CPU
		{010BD15F-98F8-4BE8-84F9-F0FA4CC42D7A}.Release|x86.Build.0 = Release|Any CPU
		{9B7D8CAD-E405-49BD-BBA8-12389B1E5B79}.Debug|Any CPU.ActiveCfg = Debug|Any CPU
		{9B7D8CAD-E405-49BD-BBA8-12389B1E5B79}.Debug|Any CPU.Build.0 = Debug|Any CPU
		{9B7D8CAD-E405-49BD-BBA8-12389B1E5B79}.Debug|x64.ActiveCfg = Debug|Any CPU
		{9B7D8CAD-E405-49BD-BBA8-12389B1E5B79}.Debug|x64.Build.0 = Debug|Any CPU
		{9B7D8CAD-E405-49BD-BBA8-12389B1E5B79}.Debug|x86.ActiveCfg = Debug|Any CPU
		{9B7D8CAD-E405-49BD-BBA8-12389B1E5B79}.Debug|x86.Build.0 = Debug|Any CPU
		{9B7D8CAD-E405-49BD-BBA8-12389B1E5B79}.Release|Any CPU.ActiveCfg = Release|Any CPU
		{9B7D8CAD-E405-49BD-BBA8-12389B1E5B79}.Release|Any CPU.Build.0 = Release|Any CPU
		{9B7D8CAD-E405-49BD-BBA8-12389B1E5B79}.Release|x64.ActiveCfg = Release|Any CPU
		{9B7D8CAD-E405-49BD-BBA8-12389B1E5B79}.Release|x64.Build.0 = Release|Any CPU
		{9B7D8CAD-E405-49BD-BBA8-12389B1E5B79}.Release|x86.ActiveCfg = Release|Any CPU
		{9B7D8CAD-E405-49BD-BBA8-12389B1E5B79}.Release|x86.Build.0 = Release|Any CPU
		{441F6A53-EE51-4666-868E-35B9B95AE58D}.Debug|Any CPU.ActiveCfg = Debug|Any CPU
		{441F6A53-EE51-4666-868E-35B9B95AE58D}.Debug|Any CPU.Build.0 = Debug|Any CPU
		{441F6A53-EE51-4666-868E-35B9B95AE58D}.Debug|x64.ActiveCfg = Debug|Any CPU
		{441F6A53-EE51-4666-868E-35B9B95AE58D}.Debug|x64.Build.0 = Debug|Any CPU
		{441F6A53-EE51-4666-868E-35B9B95AE58D}.Debug|x86.ActiveCfg = Debug|Any CPU
		{441F6A53-EE51-4666-868E-35B9B95AE58D}.Debug|x86.Build.0 = Debug|Any CPU
		{441F6A53-EE51-4666-868E-35B9B95AE58D}.Release|Any CPU.ActiveCfg = Release|Any CPU
		{441F6A53-EE51-4666-868E-35B9B95AE58D}.Release|Any CPU.Build.0 = Release|Any CPU
		{441F6A53-EE51-4666-868E-35B9B95AE58D}.Release|x64.ActiveCfg = Release|Any CPU
		{441F6A53-EE51-4666-868E-35B9B95AE58D}.Release|x64.Build.0 = Release|Any CPU
		{441F6A53-EE51-4666-868E-35B9B95AE58D}.Release|x86.ActiveCfg = Release|Any CPU
		{441F6A53-EE51-4666-868E-35B9B95AE58D}.Release|x86.Build.0 = Release|Any CPU
	EndGlobalSection
	GlobalSection(SolutionProperties) = preSolution
		HideSolutionNode = FALSE
	EndGlobalSection
	GlobalSection(NestedProjects) = preSolution
		{0F9113EE-888A-26D2-68B0-4A7D0A2A8745} = {1AE8ACA6-933B-BF2A-3671-3E2EAC007D16}
		{4C2341D6-B3EA-4592-AA30-67625D5D7974} = {0F9113EE-888A-26D2-68B0-4A7D0A2A8745}
		{E8FB8C97-1961-4C3D-B4D3-F3504325A24C} = {0F9113EE-888A-26D2-68B0-4A7D0A2A8745}
		{C3AE33AA-F4E9-44BF-99C8-178C8DBBBA83} = {0F9113EE-888A-26D2-68B0-4A7D0A2A8745}
		{3991BC86-48DE-4155-A357-1E9D913D1F13} = {0F9113EE-888A-26D2-68B0-4A7D0A2A8745}
		{010BD15F-98F8-4BE8-84F9-F0FA4CC42D7A} = {0F9113EE-888A-26D2-68B0-4A7D0A2A8745}
		{9B7D8CAD-E405-49BD-BBA8-12389B1E5B79} = {0F9113EE-888A-26D2-68B0-4A7D0A2A8745}
		{441F6A53-EE51-4666-868E-35B9B95AE58D} = {0F9113EE-888A-26D2-68B0-4A7D0A2A8745}
	EndGlobalSection
EndGlobal
